
Microsoft Visual Studio Solution File, Format Version 12.00
# Visual Studio Version 16
VisualStudioVersion = 16.0.29020.237
MinimumVisualStudioVersion = 10.0.40219.1
Project("{9A19103F-16F7-4668-BE54-9A1E7A4F7556}") = "CinemaCporeReactProject", "CinemaCporeReactProject\CinemaCporeReactProject.csproj", "{6CE7E242-FF09-4EAA-B27B-41571A1613A6}"
EndProject
Project("{9A19103F-16F7-4668-BE54-9A1E7A4F7556}") = "CinemaCporeReactProject.Client", "CinemaCporeReactProject.Client\CinemaCporeReactProject.Client.csproj", "{03BC0775-A727-43A1-93EF-5A96B1BE0988}"
EndProject
Project("{FAE04EC0-301F-11D3-BF4B-00C04F79EFBC}") = "ImdbTools", "ImdbTools\ImdbTools.csproj", "{1C3E994D-6AC8-4DB8-BFD9-29BF9347FBAF}"
EndProject
Global
	GlobalSection(SolutionConfigurationPlatforms) = preSolution
		Debug|Any CPU = Debug|Any CPU
		Release|Any CPU = Release|Any CPU
	EndGlobalSection
	GlobalSection(ProjectConfigurationPlatforms) = postSolution
		{6CE7E242-FF09-4EAA-B27B-41571A1613A6}.Debug|Any CPU.ActiveCfg = Debug|Any CPU
		{6CE7E242-FF09-4EAA-B27B-41571A1613A6}.Debug|Any CPU.Build.0 = Debug|Any CPU
		{6CE7E242-FF09-4EAA-B27B-41571A1613A6}.Release|Any CPU.ActiveCfg = Release|Any CPU
		{6CE7E242-FF09-4EAA-B27B-41571A1613A6}.Release|Any CPU.Build.0 = Release|Any CPU
		{03BC0775-A727-43A1-93EF-5A96B1BE0988}.Debug|Any CPU.ActiveCfg = Debug|Any CPU
		{03BC0775-A727-43A1-93EF-5A96B1BE0988}.Debug|Any CPU.Build.0 = Debug|Any CPU
		{03BC0775-A727-43A1-93EF-5A96B1BE0988}.Release|Any CPU.ActiveCfg = Release|Any CPU
		{03BC0775-A727-43A1-93EF-5A96B1BE0988}.Release|Any CPU.Build.0 = Release|Any CPU
		{1C3E994D-6AC8-4DB8-BFD9-29BF9347FBAF}.Debug|Any CPU.ActiveCfg = Debug|Any CPU
		{1C3E994D-6AC8-4DB8-BFD9-29BF9347FBAF}.Debug|Any CPU.Build.0 = Debug|Any CPU
		{1C3E994D-6AC8-4DB8-BFD9-29BF9347FBAF}.Release|Any CPU.ActiveCfg = Release|Any CPU
		{1C3E994D-6AC8-4DB8-BFD9-29BF9347FBAF}.Release|Any CPU.Build.0 = Release|Any CPU
	EndGlobalSection
	GlobalSection(SolutionProperties) = preSolution
		HideSolutionNode = FALSE
	EndGlobalSection
	GlobalSection(ExtensibilityGlobals) = postSolution
		SolutionGuid = {7C98C99C-9C3F-4466-9AAF-106EEBFD7FFF}
	EndGlobalSection
EndGlobal
